// !$*UTF8*$!
{
	archiveVersion = 1;
	classes = {
	};
	objectVersion = 46;
	objects = {

/* Begin PBXBuildFile section */
		200F2DC51C60FBC400714AB6 /* AppDelegate.swift in Sources */ = {isa = PBXBuildFile; fileRef = 200F2DC41C60FBC400714AB6 /* AppDelegate.swift */; };
		200F2DC71C60FBC400714AB6 /* ViewController.swift in Sources */ = {isa = PBXBuildFile; fileRef = 200F2DC61C60FBC400714AB6 /* ViewController.swift */; };
		200F2DCA1C60FBC400714AB6 /* Main.storyboard in Resources */ = {isa = PBXBuildFile; fileRef = 200F2DC81C60FBC400714AB6 /* Main.storyboard */; };
		200F2DCC1C60FBC400714AB6 /* Assets.xcassets in Resources */ = {isa = PBXBuildFile; fileRef = 200F2DCB1C60FBC400714AB6 /* Assets.xcassets */; };
		200F2DCF1C60FBC400714AB6 /* LaunchScreen.storyboard in Resources */ = {isa = PBXBuildFile; fileRef = 200F2DCD1C60FBC400714AB6 /* LaunchScreen.storyboard */; };
		200F2DDF1C61C41D00714AB6 /* UITabBarController.swift in Sources */ = {isa = PBXBuildFile; fileRef = 200F2DDE1C61C41D00714AB6 /* UITabBarController.swift */; };
		200F2DE11C61CC7C00714AB6 /* SignViewController.swift in Sources */ = {isa = PBXBuildFile; fileRef = 200F2DE01C61CC7C00714AB6 /* SignViewController.swift */; };
		200F2DE31C61CCAC00714AB6 /* firstCreateAccount.swift in Sources */ = {isa = PBXBuildFile; fileRef = 200F2DE21C61CCAC00714AB6 /* firstCreateAccount.swift */; };
		200F2DE51C61CCE400714AB6 /* secondCreateAccount.swift in Sources */ = {isa = PBXBuildFile; fileRef = 200F2DE41C61CCE400714AB6 /* secondCreateAccount.swift */; };
		200F2DE71C61CD0000714AB6 /* thirdCreateAccount.swift in Sources */ = {isa = PBXBuildFile; fileRef = 200F2DE61C61CD0000714AB6 /* thirdCreateAccount.swift */; };
		200F2DE91C61CD1B00714AB6 /* forthCreateAccount.swift in Sources */ = {isa = PBXBuildFile; fileRef = 200F2DE81C61CD1B00714AB6 /* forthCreateAccount.swift */; };
		200F2DEB1C61CD3400714AB6 /* fifthCreateAccount.swift in Sources */ = {isa = PBXBuildFile; fileRef = 200F2DEA1C61CD3400714AB6 /* fifthCreateAccount.swift */; };
		200F2DED1C61CD5B00714AB6 /* termsCreateAccount.swift in Sources */ = {isa = PBXBuildFile; fileRef = 200F2DEC1C61CD5B00714AB6 /* termsCreateAccount.swift */; };
		200F2DEF1C61CD7300714AB6 /* termsController.swift in Sources */ = {isa = PBXBuildFile; fileRef = 200F2DEE1C61CD7300714AB6 /* termsController.swift */; };
/* End PBXBuildFile section */

/* Begin PBXFileReference section */
		200F2DC11C60FBC400714AB6 /* Dropbox.app */ = {isa = PBXFileReference; explicitFileType = wrapper.application; includeInIndex = 0; path = Dropbox.app; sourceTree = BUILT_PRODUCTS_DIR; };
		200F2DC41C60FBC400714AB6 /* AppDelegate.swift */ = {isa = PBXFileReference; lastKnownFileType = sourcecode.swift; path = AppDelegate.swift; sourceTree = "<group>"; };
		200F2DC61C60FBC400714AB6 /* ViewController.swift */ = {isa = PBXFileReference; lastKnownFileType = sourcecode.swift; path = ViewController.swift; sourceTree = "<group>"; };
		200F2DC91C60FBC400714AB6 /* Base */ = {isa = PBXFileReference; lastKnownFileType = file.storyboard; name = Base; path = Base.lproj/Main.storyboard; sourceTree = "<group>"; };
		200F2DCB1C60FBC400714AB6 /* Assets.xcassets */ = {isa = PBXFileReference; lastKnownFileType = folder.assetcatalog; path = Assets.xcassets; sourceTree = "<group>"; };
		200F2DCE1C60FBC400714AB6 /* Base */ = {isa = PBXFileReference; lastKnownFileType = file.storyboard; name = Base; path = Base.lproj/LaunchScreen.storyboard; sourceTree = "<group>"; };
		200F2DD01C60FBC400714AB6 /* Info.plist */ = {isa = PBXFileReference; lastKnownFileType = text.plist.xml; path = Info.plist; sourceTree = "<group>"; };
		200F2DDE1C61C41D00714AB6 /* UITabBarController.swift */ = {isa = PBXFileReference; fileEncoding = 4; lastKnownFileType = sourcecode.swift; path = UITabBarController.swift; sourceTree = "<group>"; };
		200F2DE01C61CC7C00714AB6 /* SignViewController.swift */ = {isa = PBXFileReference; fileEncoding = 4; lastKnownFileType = sourcecode.swift; path = SignViewController.swift; sourceTree = "<group>"; };
		200F2DE21C61CCAC00714AB6 /* firstCreateAccount.swift */ = {isa = PBXFileReference; fileEncoding = 4; lastKnownFileType = sourcecode.swift; path = firstCreateAccount.swift; sourceTree = "<group>"; };
		200F2DE41C61CCE400714AB6 /* secondCreateAccount.swift */ = {isa = PBXFileReference; fileEncoding = 4; lastKnownFileType = sourcecode.swift; path = secondCreateAccount.swift; sourceTree = "<group>"; };
		200F2DE61C61CD0000714AB6 /* thirdCreateAccount.swift */ = {isa = PBXFileReference; fileEncoding = 4; lastKnownFileType = sourcecode.swift; path = thirdCreateAccount.swift; sourceTree = "<group>"; };
		200F2DE81C61CD1B00714AB6 /* forthCreateAccount.swift */ = {isa = PBXFileReference; fileEncoding = 4; lastKnownFileType = sourcecode.swift; path = forthCreateAccount.swift; sourceTree = "<group>"; };
		200F2DEA1C61CD3400714AB6 /* fifthCreateAccount.swift */ = {isa = PBXFileReference; fileEncoding = 4; lastKnownFileType = sourcecode.swift; path = fifthCreateAccount.swift; sourceTree = "<group>"; };
		200F2DEC1C61CD5B00714AB6 /* termsCreateAccount.swift */ = {isa = PBXFileReference; fileEncoding = 4; lastKnownFileType = sourcecode.swift; path = termsCreateAccount.swift; sourceTree = "<group>"; };
		200F2DEE1C61CD7300714AB6 /* termsController.swift */ = {isa = PBXFileReference; fileEncoding = 4; lastKnownFileType = sourcecode.swift; path = termsController.swift; sourceTree = "<group>"; };
/* End PBXFileReference section */

/* Begin PBXFrameworksBuildPhase section */
		200F2DBE1C60FBC400714AB6 /* Frameworks */ = {
			isa = PBXFrameworksBuildPhase;
			buildActionMask = 2147483647;
			files = (
			);
			runOnlyForDeploymentPostprocessing = 0;
		};
/* End PBXFrameworksBuildPhase section */

/* Begin PBXGroup section */
		200F2DB81C60FBC400714AB6 = {
			isa = PBXGroup;
			children = (
				200F2DC31C60FBC400714AB6 /* Dropbox */,
				200F2DC21C60FBC400714AB6 /* Products */,
			);
			sourceTree = "<group>";
		};
		200F2DC21C60FBC400714AB6 /* Products */ = {
			isa = PBXGroup;
			children = (
				200F2DC11C60FBC400714AB6 /* Dropbox.app */,
			);
			name = Products;
			sourceTree = "<group>";
		};
		200F2DC31C60FBC400714AB6 /* Dropbox */ = {
			isa = PBXGroup;
			children = (
				200F2DC41C60FBC400714AB6 /* AppDelegate.swift */,
				200F2DC61C60FBC400714AB6 /* ViewController.swift */,
				200F2DC81C60FBC400714AB6 /* Main.storyboard */,
				200F2DEE1C61CD7300714AB6 /* termsController.swift */,
				200F2DEC1C61CD5B00714AB6 /* termsCreateAccount.swift */,
				200F2DEA1C61CD3400714AB6 /* fifthCreateAccount.swift */,
				200F2DE81C61CD1B00714AB6 /* forthCreateAccount.swift */,
				200F2DE61C61CD0000714AB6 /* thirdCreateAccount.swift */,
				200F2DE41C61CCE400714AB6 /* secondCreateAccount.swift */,
				200F2DE21C61CCAC00714AB6 /* firstCreateAccount.swift */,
				200F2DE01C61CC7C00714AB6 /* SignViewController.swift */,
				200F2DDE1C61C41D00714AB6 /* UITabBarController.swift */,
				200F2DCB1C60FBC400714AB6 /* Assets.xcassets */,
				200F2DCD1C60FBC400714AB6 /* LaunchScreen.storyboard */,
				200F2DD01C60FBC400714AB6 /* Info.plist */,
			);
			path = Dropbox;
			sourceTree = "<group>";
		};
/* End PBXGroup section */

/* Begin PBXNativeTarget section */
		200F2DC01C60FBC400714AB6 /* Dropbox */ = {
			isa = PBXNativeTarget;
			buildConfigurationList = 200F2DD31C60FBC400714AB6 /* Build configuration list for PBXNativeTarget "Dropbox" */;
			buildPhases = (
				200F2DBD1C60FBC400714AB6 /* Sources */,
				200F2DBE1C60FBC400714AB6 /* Frameworks */,
				200F2DBF1C60FBC400714AB6 /* Resources */,
			);
			buildRules = (
			);
			dependencies = (
			);
			name = Dropbox;
			productName = Dropbox;
			productReference = 200F2DC11C60FBC400714AB6 /* Dropbox.app */;
			productType = "com.apple.product-type.application";
		};
/* End PBXNativeTarget section */

/* Begin PBXProject section */
		200F2DB91C60FBC400714AB6 /* Project object */ = {
			isa = PBXProject;
			attributes = {
				LastSwiftUpdateCheck = 0720;
				LastUpgradeCheck = 0720;
				ORGANIZATIONNAME = codepath;
				TargetAttributes = {
					200F2DC01C60FBC400714AB6 = {
						CreatedOnToolsVersion = 7.2;
					};
				};
			};
			buildConfigurationList = 200F2DBC1C60FBC400714AB6 /* Build configuration list for PBXProject "Dropbox" */;
			compatibilityVersion = "Xcode 3.2";
			developmentRegion = English;
			hasScannedForEncodings = 0;
			knownRegions = (
				en,
				Base,
			);
			mainGroup = 200F2DB81C60FBC400714AB6;
			productRefGroup = 200F2DC21C60FBC400714AB6 /* Products */;
			projectDirPath = "";
			projectRoot = "";
			targets = (
				200F2DC01C60FBC400714AB6 /* Dropbox */,
			);
		};
/* End PBXProject section */

/* Begin PBXResourcesBuildPhase section */
		200F2DBF1C60FBC400714AB6 /* Resources */ = {
			isa = PBXResourcesBuildPhase;
			buildActionMask = 2147483647;
			files = (
				200F2DCF1C60FBC400714AB6 /* LaunchScreen.storyboard in Resources */,
				200F2DCC1C60FBC400714AB6 /* Assets.xcassets in Resources */,
				200F2DCA1C60FBC400714AB6 /* Main.storyboard in Resources */,
			);
			runOnlyForDeploymentPostprocessing = 0;
		};
/* End PBXResourcesBuildPhase section */

/* Begin PBXSourcesBuildPhase section */
		200F2DBD1C60FBC400714AB6 /* Sources */ = {
			isa = PBXSourcesBuildPhase;
			buildActionMask = 2147483647;
			files = (
				200F2DE71C61CD0000714AB6 /* thirdCreateAccount.swift in Sources */,
				200F2DE51C61CCE400714AB6 /* secondCreateAccount.swift in Sources */,
				200F2DE11C61CC7C00714AB6 /* SignViewController.swift in Sources */,
				200F2DC71C60FBC400714AB6 /* ViewController.swift in Sources */,
				200F2DEB1C61CD3400714AB6 /* fifthCreateAccount.swift in Sources */,
				200F2DEF1C61CD7300714AB6 /* termsController.swift in Sources */,
				200F2DED1C61CD5B00714AB6 /* termsCreateAccount.swift in Sources */,
				200F2DDF1C61C41D00714AB6 /* UITabBarController.swift in Sources */,
				200F2DE91C61CD1B00714AB6 /* forthCreateAccount.swift in Sources */,
				200F2DC51C60FBC400714AB6 /* AppDelegate.swift in Sources */,
				200F2DE31C61CCAC00714AB6 /* firstCreateAccount.swift in Sources */,
			);
			runOnlyForDeploymentPostprocessing = 0;
		};
/* End PBXSourcesBuildPhase section */

/* Begin PBXVariantGroup section */
		200F2DC81C60FBC400714AB6 /* Main.storyboard */ = {
			isa = PBXVariantGroup;
			children = (
				200F2DC91C60FBC400714AB6 /* Base */,
			);
			name = Main.storyboard;
			sourceTree = "<group>";
		};
		200F2DCD1C60FBC400714AB6 /* LaunchScreen.storyboard */ = {
			isa = PBXVariantGroup;
			children = (
				200F2DCE1C60FBC400714AB6 /* Base */,
			);
			name = LaunchScreen.storyboard;
			sourceTree = "<group>";
		};
/* End PBXVariantGroup section */

/* Begin XCBuildConfiguration section */
		200F2DD11C60FBC400714AB6 /* Debug */ = {
			isa = XCBuildConfiguration;
			buildSettings = {
				ALWAYS_SEARCH_USER_PATHS = NO;
				CLANG_CXX_LANGUAGE_STANDARD = "gnu++0x";
				CLANG_CXX_LIBRARY = "libc++";
				CLANG_ENABLE_MODULES = YES;
				CLANG_ENABLE_OBJC_ARC = YES;
				CLANG_WARN_BOOL_CONVERSION = YES;
				CLANG_WARN_CONSTANT_CONVERSION = YES;
				CLANG_WARN_DIRECT_OBJC_ISA_USAGE = YES_ERROR;
				CLANG_WARN_EMPTY_BODY = YES;
				CLANG_WARN_ENUM_CONVERSION = YES;
				CLANG_WARN_INT_CONVERSION = YES;
				CLANG_WARN_OBJC_ROOT_CLASS = YES_ERROR;
				CLANG_WARN_UNREACHABLE_CODE = YES;
				CLANG_WARN__DUPLICATE_METHOD_MATCH = YES;
				"CODE_SIGN_IDENTITY[sdk=iphoneos*]" = "iPhone Developer";
				COPY_PHASE_STRIP = NO;
				DEBUG_INFORMATION_FORMAT = dwarf;
				ENABLE_STRICT_OBJC_MSGSEND = YES;
				ENABLE_TESTABILITY = YES;
				GCC_C_LANGUAGE_STANDARD = gnu99;
				GCC_DYNAMIC_NO_PIC = NO;
				GCC_NO_COMMON_BLOCKS = YES;
				GCC_OPTIMIZATION_LEVEL = 0;
				GCC_PREPROCESSOR_DEFINITIONS = (
					"DEBUG=1",
					"$(inherited)",
				);
				GCC_WARN_64_TO_32_BIT_CONVERSION = YES;
				GCC_WARN_ABOUT_RETURN_TYPE = YES_ERROR;
				GCC_WARN_UNDECLARED_SELECTOR = YES;
				GCC_WARN_UNINITIALIZED_AUTOS = YES_AGGRESSIVE;
				GCC_WARN_UNUSED_FUNCTION = YES;
				GCC_WARN_UNUSED_VARIABLE = YES;
				IPHONEOS_DEPLOYMENT_TARGET = 9.2;
				MTL_ENABLE_DEBUG_INFO = YES;
				ONLY_ACTIVE_ARCH = YES;
				SDKROOT = iphoneos;
				SWIFT_OPTIMIZATION_LEVEL = "-Onone";
			};
			name = Debug;
		};
		200F2DD21C60FBC400714AB6 /* Release */ = {
			isa = XCBuildConfiguration;
			buildSettings = {
				ALWAYS_SEARCH_USER_PATHS = NO;
				CLANG_CXX_LANGUAGE_STANDARD = "gnu++0x";
				CLANG_CXX_LIBRARY = "libc++";
				CLANG_ENABLE_MODULES = YES;
				CLANG_ENABLE_OBJC_ARC = YES;
				CLANG_WARN_BOOL_CONVERSION = YES;
				CLANG_WARN_CONSTANT_CONVERSION = YES;
				CLANG_WARN_DIRECT_OBJC_ISA_USAGE = YES_ERROR;
				CLANG_WARN_EMPTY_BODY = YES;
				CLANG_WARN_ENUM_CONVERSION = YES;
				CLANG_WARN_INT_CONVERSION = YES;
				CLANG_WARN_OBJC_ROOT_CLASS = YES_ERROR;
				CLANG_WARN_UNREACHABLE_CODE = YES;
				CLANG_WARN__DUPLICATE_METHOD_MATCH = YES;
				"CODE_SIGN_IDENTITY[sdk=iphoneos*]" = "iPhone Developer";
				COPY_PHASE_STRIP = NO;
				DEBUG_INFORMATION_FORMAT = "dwarf-with-dsym";
				ENABLE_NS_ASSERTIONS = NO;
				ENABLE_STRICT_OBJC_MSGSEND = YES;
				GCC_C_LANGUAGE_STANDARD = gnu99;
				GCC_NO_COMMON_BLOCKS = YES;
				GCC_WARN_64_TO_32_BIT_CONVERSION = YES;
				GCC_WARN_ABOUT_RETURN_TYPE = YES_ERROR;
				GCC_WARN_UNDECLARED_SELECTOR = YES;
				GCC_WARN_UNINITIALIZED_AUTOS = YES_AGGRESSIVE;
				GCC_WARN_UNUSED_FUNCTION = YES;
				GCC_WARN_UNUSED_VARIABLE = YES;
				IPHONEOS_DEPLOYMENT_TARGET = 9.2;
				MTL_ENABLE_DEBUG_INFO = NO;
				SDKROOT = iphoneos;
				VALIDATE_PRODUCT = YES;
			};
			name = Release;
		};
		200F2DD41C60FBC400714AB6 /* Debug */ = {
			isa = XCBuildConfiguration;
			buildSettings = {
				ASSETCATALOG_COMPILER_APPICON_NAME = AppIcon;
				INFOPLIST_FILE = Dropbox/Info.plist;
				LD_RUNPATH_SEARCH_PATHS = "$(inherited) @executable_path/Frameworks";
				PRODUCT_BUNDLE_IDENTIFIER = com.codepath.Dropbox;
				PRODUCT_NAME = "$(TARGET_NAME)";
			};
			name = Debug;
		};
		200F2DD51C60FBC400714AB6 /* Release */ = {
			isa = XCBuildConfiguration;
			buildSettings = {
				ASSETCATALOG_COMPILER_APPICON_NAME = AppIcon;
				INFOPLIST_FILE = Dropbox/Info.plist;
				LD_RUNPATH_SEARCH_PATHS = "$(inherited) @executable_path/Frameworks";
				PRODUCT_BUNDLE_IDENTIFIER = com.codepath.Dropbox;
				PRODUCT_NAME = "$(TARGET_NAME)";
			};
			name = Release;
		};
/* End XCBuildConfiguration section */

/* Begin XCConfigurationList section */
		200F2DBC1C60FBC400714AB6 /* Build configuration list for PBXProject "Dropbox" */ = {
			isa = XCConfigurationList;
			buildConfigurations = (
				200F2DD11C60FBC400714AB6 /* Debug */,
				200F2DD21C60FBC400714AB6 /* Release */,
			);
			defaultConfigurationIsVisible = 0;
			defaultConfigurationName = Release;
		};
		200F2DD31C60FBC400714AB6 /* Build configuration list for PBXNativeTarget "Dropbox" */ = {
			isa = XCConfigurationList;
			buildConfigurations = (
				200F2DD41C60FBC400714AB6 /* Debug */,
				200F2DD51C60FBC400714AB6 /* Release */,
			);
			defaultConfigurationIsVisible = 0;
			defaultConfigurationName = Release;
		};
/* End XCConfigurationList section */
	};
	rootObject = 200F2DB91C60FBC400714AB6 /* Project object */;
}
